<?xml version="1.0" encoding="utf-8"?>
<Project ToolsVersion="4.0" xmlns="http://schemas.microsoft.com/developer/msbuild/2003">
  <ItemGroup>
    <Filter Include="Core">
      <UniqueIdentifier>{ff4b18d5-f41d-4c5b-af2d-f1a6165900f8}</UniqueIdentifier>
    </Filter>
    <Filter Include="Core\Reflection">
      <UniqueIdentifier>{865cb29a-5d3c-4528-955d-ca7d55c557ae}</UniqueIdentifier>
    </Filter>
    <Filter Include="Core\Memory">
      <UniqueIdentifier>{f4dfad66-1f47-4e9f-9d06-615698fdee7f}</UniqueIdentifier>
    </Filter>
    <Filter Include="Core\Testing">
      <UniqueIdentifier>{6121e4f9-b915-4d5f-adcb-1110fe87d8c2}</UniqueIdentifier>
    </Filter>
    <Filter Include="Core\Utilities">
      <UniqueIdentifier>{11964ee5-8ec5-44e2-8238-488470e0e515}</UniqueIdentifier>
    </Filter>
  </ItemGroup>
  <ItemGroup>
    <ClCompile Include="Main.cpp">
      <Filter>Core</Filter>
    </ClCompile>
    <ClCompile Include="..\..\Common\Memory\Allocator.cpp">
      <Filter>Core\Memory</Filter>
    </ClCompile>
    <ClCompile Include="..\..\Common\Memory\FrameAllocator.cpp">
      <Filter>Core\Memory</Filter>
    </ClCompile>
    <ClCompile Include="..\..\Common\Memory\MemoryHeader.cpp">
      <Filter>Core\Memory</Filter>
    </ClCompile>
    <ClCompile Include="..\..\Common\Memory\MemoryManager.cpp">
      <Filter>Core\Memory</Filter>
    </ClCompile>
    <ClCompile Include="..\..\Common\Memory\PoolAllocator.cpp">
      <Filter>Core\Memory</Filter>
    </ClCompile>
    <ClCompile Include="..\..\Common\Memory\StackAllocator.cpp">
      <Filter>Core\Memory</Filter>
    </ClCompile>
    <ClCompile Include="..\..\Common\Reflection\MetaObjectLinker.cpp">
      <Filter>Core\Reflection</Filter>
    </ClCompile>
    <ClCompile Include="..\..\Common\Reflection\Runtime.cpp">
      <Filter>Core\Reflection</Filter>
    </ClCompile>
    <ClCompile Include="..\..\Common\Utilities\IniFileStream.cpp">
      <Filter>Core\Utilities</Filter>
    </ClCompile>
    <ClCompile Include="..\..\Common\Utilities\IniSection.cpp">
      <Filter>Core\Utilities</Filter>
    </ClCompile>
    <ClCompile Include="..\..\Common\Utilities\IniVariables.cpp">
      <Filter>Core\Utilities</Filter>
    </ClCompile>
    <ClCompile Include="..\..\Common\Utilities\Utilities.cpp">
      <Filter>Core\Utilities</Filter>
    </ClCompile>
    <ClCompile Include="..\..\Common\Testing\MemoryTest.cpp">
      <Filter>Core\Testing</Filter>
    </ClCompile>
    <ClCompile Include="..\..\Common\BasicTypes.cpp">
      <Filter>Core</Filter>
    </ClCompile>
    <ClCompile Include="..\..\Common\Engine.cpp">
      <Filter>Core</Filter>
    </ClCompile>
    <ClCompile Include="..\..\Common\SystemError.cpp">
      <Filter>Core</Filter>
    </ClCompile>
  </ItemGroup>
  <ItemGroup>
    <ClInclude Include="..\..\Common\Memory\AllocationInfo.h">
      <Filter>Core\Memory</Filter>
    </ClInclude>
    <ClInclude Include="..\..\Common\Memory\Allocator.h">
      <Filter>Core\Memory</Filter>
    </ClInclude>
    <ClInclude Include="..\..\Common\Memory\AllocatorType.h">
      <Filter>Core\Memory</Filter>
    </ClInclude>
    <ClInclude Include="..\..\Common\Memory\FrameAllocator.h">
      <Filter>Core\Memory</Filter>
    </ClInclude>
    <ClInclude Include="..\..\Common\Memory\Memory.h">
      <Filter>Core\Memory</Filter>
    </ClInclude>
    <ClInclude Include="..\..\Common\Memory\MemoryConfig.h">
      <Filter>Core\Memory</Filter>
    </ClInclude>
    <ClInclude Include="..\..\Common\Memory\MemoryFlags.h">
      <Filter>Core\Memory</Filter>
    </ClInclude>
    <ClInclude Include="..\..\Common\Memory\MemoryHeader.h">
      <Filter>Core\Memory</Filter>
    </ClInclude>
    <ClInclude Include="..\..\Common\Memory\MemoryInfo.h">
      <Filter>Core\Memory</Filter>
    </ClInclude>
    <ClInclude Include="..\..\Common\Memory\MemoryManager.h">
      <Filter>Core\Memory</Filter>
    </ClInclude>
    <ClInclude Include="..\..\Common\Memory\MemoryUtils.h">
      <Filter>Core\Memory</Filter>
    </ClInclude>
    <ClInclude Include="..\..\Common\Memory\PoolAllocator.h">
      <Filter>Core\Memory</Filter>
    </ClInclude>
    <ClInclude Include="..\..\Common\Memory\StackAllocator.h">
      <Filter>Core\Memory</Filter>
    </ClInclude>
    <ClInclude Include="..\..\Common\Reflection\Attribute.h">
      <Filter>Core\Reflection</Filter>
    </ClInclude>
    <ClInclude Include="..\..\Common\Reflection\AttributeBinder.h">
      <Filter>Core\Reflection</Filter>
    </ClInclude>
    <ClInclude Include="..\..\Common\Reflection\BoolAttribute.h">
      <Filter>Core\Reflection</Filter>
    </ClInclude>
    <ClInclude Include="..\..\Common\Reflection\ClassMember.h">
      <Filter>Core\Reflection</Filter>
    </ClInclude>
    <ClInclude Include="..\..\Common\Reflection\FloatAttribute.h">
      <Filter>Core\Reflection</Filter>
    </ClInclude>
    <ClInclude Include="..\..\Common\Reflection\FunctionAttribute.h">
      <Filter>Core\Reflection</Filter>
    </ClInclude>
    <ClInclude Include="..\..\Common\Reflection\IntAttribute.h">
      <Filter>Core\Reflection</Filter>
    </ClInclude>
    <ClInclude Include="..\..\Common\Reflection\MetaObject.h">
      <Filter>Core\Reflection</Filter>
    </ClInclude>
    <ClInclude Include="..\..\Common\Reflection\MetaObjectLinker.h">
      <Filter>Core\Reflection</Filter>
    </ClInclude>
    <ClInclude Include="..\..\Common\Reflection\MethodInfo.h">
      <Filter>Core\Reflection</Filter>
    </ClInclude>
    <ClInclude Include="..\..\Common\Reflection\Reflection.h">
      <Filter>Core\Reflection</Filter>
    </ClInclude>
    <ClInclude Include="..\..\Common\Reflection\Runtime.h">
      <Filter>Core\Reflection</Filter>
    </ClInclude>
    <ClInclude Include="..\..\Common\Reflection\StringAttribute.h">
      <Filter>Core\Reflection</Filter>
    </ClInclude>
    <ClInclude Include="..\..\Common\Reflection\TypeTrait.h">
      <Filter>Core\Reflection</Filter>
    </ClInclude>
    <ClInclude Include="..\..\Common\Utilities\Debug.h">
      <Filter>Core\Utilities</Filter>
    </ClInclude>
    <ClInclude Include="..\..\Common\Utilities\IniFileStream.h">
      <Filter>Core\Utilities</Filter>
    </ClInclude>
    <ClInclude Include="..\..\Common\Utilities\IniSection.h">
      <Filter>Core\Utilities</Filter>
    </ClInclude>
    <ClInclude Include="..\..\Common\Utilities\IniVariables.h">
      <Filter>Core\Utilities</Filter>
    </ClInclude>
    <ClInclude Include="..\..\Common\Utilities\Utilities.h">
      <Filter>Core\Utilities</Filter>
    </ClInclude>
    <ClInclude Include="..\..\Common\Testing\MemoryTest.h">
      <Filter>Core\Testing</Filter>
    </ClInclude>
    <ClInclude Include="..\..\Common\BasicTypes.h">
      <Filter>Core</Filter>
    </ClInclude>
    <ClInclude Include="..\..\Common\Engine.h">
      <Filter>Core</Filter>
    </ClInclude>
    <ClInclude Include="..\..\Common\Func.h">
      <Filter>Core</Filter>
    </ClInclude>
    <ClInclude Include="..\..\Common\Method.h">
      <Filter>Core</Filter>
    </ClInclude>
    <ClInclude Include="..\..\Common\SystemAssert.h">
      <Filter>Core</Filter>
    </ClInclude>
    <ClInclude Include="..\..\Common\SystemError.h">
      <Filter>Core</Filter>
    </ClInclude>
    <ClInclude Include="..\..\Common\Type.h">
      <Filter>Core</Filter>
    </ClInclude>
  </ItemGroup>
  <ItemGroup>
    <Text Include="..\..\Common\Notes.txt">
      <Filter>Core</Filter>
    </Text>
  </ItemGroup>
</Project>