
Microsoft Visual Studio Solution File, Format Version 12.00
# Visual Studio 2013
VisualStudioVersion = 12.0.30501.0
MinimumVisualStudioVersion = 10.0.40219.1
Project("{8BC9CEB8-8B4A-11D0-8D11-00A0C91BC942}") = "GameEngine_Windows", "GameEngine_Windows\GameEngine_Windows.vcxproj", "{4ACC30E4-24A1-4CC3-B6A6-6E5D98BCC335}"
EndProject
Global
	GlobalSection(SolutionConfigurationPlatforms) = preSolution
		Debug|Win32 = Debug|Win32
		Release|Win32 = Release|Win32
	EndGlobalSection
	GlobalSection(ProjectConfigurationPlatforms) = postSolution
		{4ACC30E4-24A1-4CC3-B6A6-6E5D98BCC335}.Debug|Win32.ActiveCfg = Debug|Win32
		{4ACC30E4-24A1-4CC3-B6A6-6E5D98BCC335}.Debug|Win32.Build.0 = Debug|Win32
		{4ACC30E4-24A1-4CC3-B6A6-6E5D98BCC335}.Release|Win32.ActiveCfg = Release|Win32
		{4ACC30E4-24A1-4CC3-B6A6-6E5D98BCC335}.Release|Win32.Build.0 = Release|Win32
	EndGlobalSection
	GlobalSection(SolutionProperties) = preSolution
		HideSolutionNode = FALSE
	EndGlobalSection
EndGlobal
